
Microsoft Visual Studio Solution File, Format Version 11.00
# Visual Studio 2010
Project("{FAE04EC0-301F-11D3-BF4B-00C04F79EFBC}") = "Glory_Refactory", "Assembly-CSharp-firstpass.csproj", "{BCA31363-3CC4-3D15-BAC4-AC0B9C138A5F}"
EndProject
Project("{FAE04EC0-301F-11D3-BF4B-00C04F79EFBC}") = "Glory_Refactory", "Assembly-CSharp.csproj", "{8B4FB1E5-DB40-E7BD-9420-DB762552EEAD}"
EndProject
Project("{FAE04EC0-301F-11D3-BF4B-00C04F79EFBC}") = "Glory_Refactory", "Assembly-CSharp-Editor.csproj", "{BE88E89E-FDC5-4077-3BA4-6A10461A18C2}"
EndProject
Global
	GlobalSection(SolutionConfigurationPlatforms) = preSolution
		Debug|Any CPU = Debug|Any CPU
		Release|Any CPU = Release|Any CPU
	EndGlobalSection
	GlobalSection(ProjectConfigurationPlatforms) = postSolution
		{BCA31363-3CC4-3D15-BAC4-AC0B9C138A5F}.Debug|Any CPU.ActiveCfg = Debug|Any CPU
		{BCA31363-3CC4-3D15-BAC4-AC0B9C138A5F}.Debug|Any CPU.Build.0 = Debug|Any CPU
		{BCA31363-3CC4-3D15-BAC4-AC0B9C138A5F}.Release|Any CPU.ActiveCfg = Release|Any CPU
		{BCA31363-3CC4-3D15-BAC4-AC0B9C138A5F}.Release|Any CPU.Build.0 = Release|Any CPU
		{8B4FB1E5-DB40-E7BD-9420-DB762552EEAD}.Debug|Any CPU.ActiveCfg = Debug|Any CPU
		{8B4FB1E5-DB40-E7BD-9420-DB762552EEAD}.Debug|Any CPU.Build.0 = Debug|Any CPU
		{8B4FB1E5-DB40-E7BD-9420-DB762552EEAD}.Release|Any CPU.ActiveCfg = Release|Any CPU
		{8B4FB1E5-DB40-E7BD-9420-DB762552EEAD}.Release|Any CPU.Build.0 = Release|Any CPU
		{BE88E89E-FDC5-4077-3BA4-6A10461A18C2}.Debug|Any CPU.ActiveCfg = Debug|Any CPU
		{BE88E89E-FDC5-4077-3BA4-6A10461A18C2}.Debug|Any CPU.Build.0 = Debug|Any CPU
		{BE88E89E-FDC5-4077-3BA4-6A10461A18C2}.Release|Any CPU.ActiveCfg = Release|Any CPU
		{BE88E89E-FDC5-4077-3BA4-6A10461A18C2}.Release|Any CPU.Build.0 = Release|Any CPU
	EndGlobalSection
	GlobalSection(SolutionProperties) = preSolution
		HideSolutionNode = FALSE
	EndGlobalSection
	GlobalSection(MonoDevelopProperties) = preSolution
		StartupItem = Assembly-CSharp.csproj
	EndGlobalSection
EndGlobal
